Microsoft Visual Studio Solution File, Format Version 10.00
# Visual C++ Express 2008
Project("{8BC9CEB8-8B4A-11D0-8D11-00A0C91BC942}") = "arithmetic", "arithmetic.vcproj", "{4D447233-54DC-4C1B-B8DF-4689590ACF56}"
EndProject
Project("{8BC9CEB8-8B4A-11D0-8D11-00A0C91BC942}") = "dot_product", "dot_product.vcproj", "{C9CD2A98-3327-4560-A979-4BF506F777A8}"
EndProject
Project("{8BC9CEB8-8B4A-11D0-8D11-00A0C91BC942}") = "pythagoras", "pythagoras.vcproj", "{763CA955-FC01-4AFD-9593-69D36836B3F7}"
EndProject
Project("{8BC9CEB8-8B4A-11D0-8D11-00A0C91BC942}") = "point_ll", "point_ll.vcproj", "{8376897F-30E1-43B5-8332-930A1F807BCB}"
EndProject
Project("{8BC9CEB8-8B4A-11D0-8D11-00A0C91BC942}") = "distance", "distance.vcproj", "{347D08A4-22E9-45B1-A55B-AE84AA2EAA53}"
EndProject
Project("{8BC9CEB8-8B4A-11D0-8D11-00A0C91BC942}") = "box", "box.vcproj", "{EB7B69C6-2D62-43BC-BA18-D15BEB998665}"
EndProject
Project("{8BC9CEB8-8B4A-11D0-8D11-00A0C91BC942}") = "envelope", "envelope.vcproj", "{26EFCAF4-7907-4A47-ACBF-6CAB738CDCEB}"
EndProject
Project("{8BC9CEB8-8B4A-11D0-8D11-00A0C91BC942}") = "for_each_coordinate", "for_each_coordinate.vcproj", "{900CD32E-1B78-40E3-887F-9BCCC0A1041E}"
EndProject
Project("{8BC9CEB8-8B4A-11D0-8D11-00A0C91BC942}") = "copy", "copy.vcproj", "{58B7C340-54BC-4B74-BA10-C289E14B2FFB}"
EndProject
Project("{8BC9CEB8-8B4A-11D0-8D11-00A0C91BC942}") = "assign", "assign.vcproj", "{94BC6547-67C1-44DB-903D-526537A91E23}"
EndProject
Project("{8BC9CEB8-8B4A-11D0-8D11-00A0C91BC942}") = "segment", "segment.vcproj", "{F995B070-62A2-46FE-A676-79AADB71DBD8}"
EndProject
Project("{8BC9CEB8-8B4A-11D0-8D11-00A0C91BC942}") = "circle", "circle.vcproj", "{E19B65F6-FAF0-47FD-84A2-3BAE1B703967}"
EndProject
Project("{8BC9CEB8-8B4A-11D0-8D11-00A0C91BC942}") = "loop", "loop.vcproj", "{02DE0325-2DA2-442F-850F-287EEAFDD822}"
EndProject
Project("{8BC9CEB8-8B4A-11D0-8D11-00A0C91BC942}") = "simplify", "simplify.vcproj", "{B1760CB8-553B-42AB-B54E-3D0320FF252F}"
EndProject
Project("{8BC9CEB8-8B4A-11D0-8D11-00A0C91BC942}") = "wkt", "wkt.vcproj", "{E6BCAE7F-FD36-4018-B073-BE05F3D6790B}"
EndProject
Project("{8BC9CEB8-8B4A-11D0-8D11-00A0C91BC942}") = "combine", "combine.vcproj", "{5330DAB1-DF27-44FC-971B-3C5094F82FA3}"
EndProject
Project("{8BC9CEB8-8B4A-11D0-8D11-00A0C91BC942}") = "projections", "projections.vcproj", "{38CDDD8A-3B15-4D38-85CA-7EC446FA61FA}"
EndProject
Project("{8BC9CEB8-8B4A-11D0-8D11-00A0C91BC942}") = "area", "area.vcproj", "{E86E6687-AC05-4DBE-A8BD-C47BCB6AEE90}"
EndProject
Project("{8BC9CEB8-8B4A-11D0-8D11-00A0C91BC942}") = "make", "make.vcproj", "{BCD17F3E-8DF2-4B00-A75E-BF7372D2873B}"
EndProject
Project("{8BC9CEB8-8B4A-11D0-8D11-00A0C91BC942}") = "transform", "transform.vcproj", "{41413E56-08DA-4592-94D2-5311FE90C62B}"
EndProject
Project("{8BC9CEB8-8B4A-11D0-8D11-00A0C91BC942}") = "parse_dms", "parse_dms.vcproj", "{A924B132-C216-4477-85EE-9118255011AA}"
EndProject
Project("{8BC9CEB8-8B4A-11D0-8D11-00A0C91BC942}") = "parse", "parse.vcproj", "{38C7173B-F81D-427D-B236-57611A31656A}"
EndProject
Project("{8BC9CEB8-8B4A-11D0-8D11-00A0C91BC942}") = "convert", "convert.vcproj", "{FABF1AA7-F695-49F8-92F6-AB6C4B0C088A}"
EndProject
Project("{8BC9CEB8-8B4A-11D0-8D11-00A0C91BC942}") = "core", "core.vcproj", "{21D4C4EC-0F48-49F0-89D9-38F541928284}"
EndProject
Project("{8BC9CEB8-8B4A-11D0-8D11-00A0C91BC942}") = "access", "access.vcproj", "{5542B963-D229-4393-968F-E62DDCE4B87B}"
EndProject
Project("{8BC9CEB8-8B4A-11D0-8D11-00A0C91BC942}") = "selected", "selected.vcproj", "{22DD12E5-4AAD-4066-9C4F-4C360F7759AA}"
EndProject
Project("{8BC9CEB8-8B4A-11D0-8D11-00A0C91BC942}") = "append", "append.vcproj", "{774F6471-D8A0-481C-9B0A-4903EED25C70}"
EndProject
Project("{8BC9CEB8-8B4A-11D0-8D11-00A0C91BC942}") = "projection", "projection.vcproj", "{A46D98E8-88F2-4795-B839-CD3F6082E7B2}"
EndProject
Project("{8BC9CEB8-8B4A-11D0-8D11-00A0C91BC942}") = "projection_epsg", "projection_epsg.vcproj", "{F0990F82-1A44-4671-85D0-B38A81C48A8F}"
EndProject
Project("{8BC9CEB8-8B4A-11D0-8D11-00A0C91BC942}") = "convex_hull", "convex_hull.vcproj", "{0AFF7A85-63A7-4178-92A5-CC692B09F5B9}"
EndProject
Project("{8BC9CEB8-8B4A-11D0-8D11-00A0C91BC942}") = "transformer", "transformer.vcproj", "{9B62EBF7-D444-4D67-BA00-48CAEAF92756}"
EndProject
Global
	GlobalSection(SolutionConfigurationPlatforms) = preSolution
		Debug|Win32 = Debug|Win32
		Release|Win32 = Release|Win32
	EndGlobalSection
	GlobalSection(ProjectConfigurationPlatforms) = postSolution
		{4D447233-54DC-4C1B-B8DF-4689590ACF56}.Debug|Win32.ActiveCfg = Debug|Win32
		{4D447233-54DC-4C1B-B8DF-4689590ACF56}.Debug|Win32.Build.0 = Debug|Win32
		{4D447233-54DC-4C1B-B8DF-4689590ACF56}.Release|Win32.ActiveCfg = Release|Win32
		{4D447233-54DC-4C1B-B8DF-4689590ACF56}.Release|Win32.Build.0 = Release|Win32
		{C9CD2A98-3327-4560-A979-4BF506F777A8}.Debug|Win32.ActiveCfg = Debug|Win32
		{C9CD2A98-3327-4560-A979-4BF506F777A8}.Debug|Win32.Build.0 = Debug|Win32
		{C9CD2A98-3327-4560-A979-4BF506F777A8}.Release|Win32.ActiveCfg = Release|Win32
		{C9CD2A98-3327-4560-A979-4BF506F777A8}.Release|Win32.Build.0 = Release|Win32
		{763CA955-FC01-4AFD-9593-69D36836B3F7}.Debug|Win32.ActiveCfg = Debug|Win32
		{763CA955-FC01-4AFD-9593-69D36836B3F7}.Debug|Win32.Build.0 = Debug|Win32
		{763CA955-FC01-4AFD-9593-69D36836B3F7}.Release|Win32.ActiveCfg = Release|Win32
		{763CA955-FC01-4AFD-9593-69D36836B3F7}.Release|Win32.Build.0 = Release|Win32
		{8376897F-30E1-43B5-8332-930A1F807BCB}.Debug|Win32.ActiveCfg = Debug|Win32
		{8376897F-30E1-43B5-8332-930A1F807BCB}.Debug|Win32.Build.0 = Debug|Win32
		{8376897F-30E1-43B5-8332-930A1F807BCB}.Release|Win32.ActiveCfg = Release|Win32
		{8376897F-30E1-43B5-8332-930A1F807BCB}.Release|Win32.Build.0 = Release|Win32
		{347D08A4-22E9-45B1-A55B-AE84AA2EAA53}.Debug|Win32.ActiveCfg = Debug|Win32
		{347D08A4-22E9-45B1-A55B-AE84AA2EAA53}.Debug|Win32.Build.0 = Debug|Win32
		{347D08A4-22E9-45B1-A55B-AE84AA2EAA53}.Release|Win32.ActiveCfg = Release|Win32
		{347D08A4-22E9-45B1-A55B-AE84AA2EAA53}.Release|Win32.Build.0 = Release|Win32
		{EB7B69C6-2D62-43BC-BA18-D15BEB998665}.Debug|Win32.ActiveCfg = Debug|Win32
		{EB7B69C6-2D62-43BC-BA18-D15BEB998665}.Debug|Win32.Build.0 = Debug|Win32
		{EB7B69C6-2D62-43BC-BA18-D15BEB998665}.Release|Win32.ActiveCfg = Release|Win32
		{EB7B69C6-2D62-43BC-BA18-D15BEB998665}.Release|Win32.Build.0 = Release|Win32
		{26EFCAF4-7907-4A47-ACBF-6CAB738CDCEB}.Debug|Win32.ActiveCfg = Debug|Win32
		{26EFCAF4-7907-4A47-ACBF-6CAB738CDCEB}.Debug|Win32.Build.0 = Debug|Win32
		{26EFCAF4-7907-4A47-ACBF-6CAB738CDCEB}.Release|Win32.ActiveCfg = Release|Win32
		{26EFCAF4-7907-4A47-ACBF-6CAB738CDCEB}.Release|Win32.Build.0 = Release|Win32
		{900CD32E-1B78-40E3-887F-9BCCC0A1041E}.Debug|Win32.ActiveCfg = Debug|Win32
		{900CD32E-1B78-40E3-887F-9BCCC0A1041E}.Debug|Win32.Build.0 = Debug|Win32
		{900CD32E-1B78-40E3-887F-9BCCC0A1041E}.Release|Win32.ActiveCfg = Release|Win32
		{900CD32E-1B78-40E3-887F-9BCCC0A1041E}.Release|Win32.Build.0 = Release|Win32
		{58B7C340-54BC-4B74-BA10-C289E14B2FFB}.Debug|Win32.ActiveCfg = Debug|Win32
		{58B7C340-54BC-4B74-BA10-C289E14B2FFB}.Debug|Win32.Build.0 = Debug|Win32
		{58B7C340-54BC-4B74-BA10-C289E14B2FFB}.Release|Win32.ActiveCfg = Release|Win32
		{58B7C340-54BC-4B74-BA10-C289E14B2FFB}.Release|Win32.Build.0 = Release|Win32
		{94BC6547-67C1-44DB-903D-526537A91E23}.Debug|Win32.ActiveCfg = Debug|Win32
		{94BC6547-67C1-44DB-903D-526537A91E23}.Debug|Win32.Build.0 = Debug|Win32
		{94BC6547-67C1-44DB-903D-526537A91E23}.Release|Win32.ActiveCfg = Release|Win32
		{94BC6547-67C1-44DB-903D-526537A91E23}.Release|Win32.Build.0 = Release|Win32
		{F995B070-62A2-46FE-A676-79AADB71DBD8}.Debug|Win32.ActiveCfg = Debug|Win32
		{F995B070-62A2-46FE-A676-79AADB71DBD8}.Debug|Win32.Build.0 = Debug|Win32
		{F995B070-62A2-46FE-A676-79AADB71DBD8}.Release|Win32.ActiveCfg = Release|Win32
		{F995B070-62A2-46FE-A676-79AADB71DBD8}.Release|Win32.Build.0 = Release|Win32
		{E19B65F6-FAF0-47FD-84A2-3BAE1B703967}.Debug|Win32.ActiveCfg = Debug|Win32
		{E19B65F6-FAF0-47FD-84A2-3BAE1B703967}.Debug|Win32.Build.0 = Debug|Win32
		{E19B65F6-FAF0-47FD-84A2-3BAE1B703967}.Release|Win32.ActiveCfg = Release|Win32
		{E19B65F6-FAF0-47FD-84A2-3BAE1B703967}.Release|Win32.Build.0 = Release|Win32
		{02DE0325-2DA2-442F-850F-287EEAFDD822}.Debug|Win32.ActiveCfg = Debug|Win32
		{02DE0325-2DA2-442F-850F-287EEAFDD822}.Debug|Win32.Build.0 = Debug|Win32
		{02DE0325-2DA2-442F-850F-287EEAFDD822}.Release|Win32.ActiveCfg = Release|Win32
		{02DE0325-2DA2-442F-850F-287EEAFDD822}.Release|Win32.Build.0 = Release|Win32
		{B1760CB8-553B-42AB-B54E-3D0320FF252F}.Debug|Win32.ActiveCfg = Debug|Win32
		{B1760CB8-553B-42AB-B54E-3D0320FF252F}.Debug|Win32.Build.0 = Debug|Win32
		{B1760CB8-553B-42AB-B54E-3D0320FF252F}.Release|Win32.ActiveCfg = Release|Win32
		{B1760CB8-553B-42AB-B54E-3D0320FF252F}.Release|Win32.Build.0 = Release|Win32
		{E6BCAE7F-FD36-4018-B073-BE05F3D6790B}.Debug|Win32.ActiveCfg = Debug|Win32
		{E6BCAE7F-FD36-4018-B073-BE05F3D6790B}.Debug|Win32.Build.0 = Debug|Win32
		{E6BCAE7F-FD36-4018-B073-BE05F3D6790B}.Release|Win32.ActiveCfg = Release|Win32
		{E6BCAE7F-FD36-4018-B073-BE05F3D6790B}.Release|Win32.Build.0 = Release|Win32
		{5330DAB1-DF27-44FC-971B-3C5094F82FA3}.Debug|Win32.ActiveCfg = Debug|Win32
		{5330DAB1-DF27-44FC-971B-3C5094F82FA3}.Debug|Win32.Build.0 = Debug|Win32
		{5330DAB1-DF27-44FC-971B-3C5094F82FA3}.Release|Win32.ActiveCfg = Release|Win32
		{5330DAB1-DF27-44FC-971B-3C5094F82FA3}.Release|Win32.Build.0 = Release|Win32
		{38CDDD8A-3B15-4D38-85CA-7EC446FA61FA}.Debug|Win32.ActiveCfg = Debug|Win32
		{38CDDD8A-3B15-4D38-85CA-7EC446FA61FA}.Debug|Win32.Build.0 = Debug|Win32
		{38CDDD8A-3B15-4D38-85CA-7EC446FA61FA}.Release|Win32.ActiveCfg = Release|Win32
		{38CDDD8A-3B15-4D38-85CA-7EC446FA61FA}.Release|Win32.Build.0 = Release|Win32
		{E86E6687-AC05-4DBE-A8BD-C47BCB6AEE90}.Debug|Win32.ActiveCfg = Debug|Win32
		{E86E6687-AC05-4DBE-A8BD-C47BCB6AEE90}.Debug|Win32.Build.0 = Debug|Win32
		{E86E6687-AC05-4DBE-A8BD-C47BCB6AEE90}.Release|Win32.ActiveCfg = Release|Win32
		{E86E6687-AC05-4DBE-A8BD-C47BCB6AEE90}.Release|Win32.Build.0 = Release|Win32
		{BCD17F3E-8DF2-4B00-A75E-BF7372D2873B}.Debug|Win32.ActiveCfg = Debug|Win32
		{BCD17F3E-8DF2-4B00-A75E-BF7372D2873B}.Debug|Win32.Build.0 = Debug|Win32
		{BCD17F3E-8DF2-4B00-A75E-BF7372D2873B}.Release|Win32.ActiveCfg = Release|Win32
		{BCD17F3E-8DF2-4B00-A75E-BF7372D2873B}.Release|Win32.Build.0 = Release|Win32
		{41413E56-08DA-4592-94D2-5311FE90C62B}.Debug|Win32.ActiveCfg = Debug|Win32
		{41413E56-08DA-4592-94D2-5311FE90C62B}.Debug|Win32.Build.0 = Debug|Win32
		{41413E56-08DA-4592-94D2-5311FE90C62B}.Release|Win32.ActiveCfg = Release|Win32
		{41413E56-08DA-4592-94D2-5311FE90C62B}.Release|Win32.Build.0 = Release|Win32
		{A924B132-C216-4477-85EE-9118255011AA}.Debug|Win32.ActiveCfg = Debug|Win32
		{A924B132-C216-4477-85EE-9118255011AA}.Debug|Win32.Build.0 = Debug|Win32
		{A924B132-C216-4477-85EE-9118255011AA}.Release|Win32.ActiveCfg = Release|Win32
		{A924B132-C216-4477-85EE-9118255011AA}.Release|Win32.Build.0 = Release|Win32
		{38C7173B-F81D-427D-B236-57611A31656A}.Debug|Win32.ActiveCfg = Debug|Win32
		{38C7173B-F81D-427D-B236-57611A31656A}.Debug|Win32.Build.0 = Debug|Win32
		{38C7173B-F81D-427D-B236-57611A31656A}.Release|Win32.ActiveCfg = Release|Win32
		{38C7173B-F81D-427D-B236-57611A31656A}.Release|Win32.Build.0 = Release|Win32
		{FABF1AA7-F695-49F8-92F6-AB6C4B0C088A}.Debug|Win32.ActiveCfg = Debug|Win32
		{FABF1AA7-F695-49F8-92F6-AB6C4B0C088A}.Debug|Win32.Build.0 = Debug|Win32
		{FABF1AA7-F695-49F8-92F6-AB6C4B0C088A}.Release|Win32.ActiveCfg = Release|Win32
		{FABF1AA7-F695-49F8-92F6-AB6C4B0C088A}.Release|Win32.Build.0 = Release|Win32
		{21D4C4EC-0F48-49F0-89D9-38F541928284}.Debug|Win32.ActiveCfg = Debug|Win32
		{21D4C4EC-0F48-49F0-89D9-38F541928284}.Debug|Win32.Build.0 = Debug|Win32
		{21D4C4EC-0F48-49F0-89D9-38F541928284}.Release|Win32.ActiveCfg = Release|Win32
		{21D4C4EC-0F48-49F0-89D9-38F541928284}.Release|Win32.Build.0 = Release|Win32
		{5542B963-D229-4393-968F-E62DDCE4B87B}.Debug|Win32.ActiveCfg = Debug|Win32
		{5542B963-D229-4393-968F-E62DDCE4B87B}.Debug|Win32.Build.0 = Debug|Win32
		{5542B963-D229-4393-968F-E62DDCE4B87B}.Release|Win32.ActiveCfg = Release|Win32
		{5542B963-D229-4393-968F-E62DDCE4B87B}.Release|Win32.Build.0 = Release|Win32
		{22DD12E5-4AAD-4066-9C4F-4C360F7759AA}.Debug|Win32.ActiveCfg = Debug|Win32
		{22DD12E5-4AAD-4066-9C4F-4C360F7759AA}.Debug|Win32.Build.0 = Debug|Win32
		{22DD12E5-4AAD-4066-9C4F-4C360F7759AA}.Release|Win32.ActiveCfg = Release|Win32
		{22DD12E5-4AAD-4066-9C4F-4C360F7759AA}.Release|Win32.Build.0 = Release|Win32
		{774F6471-D8A0-481C-9B0A-4903EED25C70}.Debug|Win32.ActiveCfg = Debug|Win32
		{774F6471-D8A0-481C-9B0A-4903EED25C70}.Debug|Win32.Build.0 = Debug|Win32
		{774F6471-D8A0-481C-9B0A-4903EED25C70}.Release|Win32.ActiveCfg = Release|Win32
		{774F6471-D8A0-481C-9B0A-4903EED25C70}.Release|Win32.Build.0 = Release|Win32
		{A46D98E8-88F2-4795-B839-CD3F6082E7B2}.Debug|Win32.ActiveCfg = Debug|Win32
		{A46D98E8-88F2-4795-B839-CD3F6082E7B2}.Debug|Win32.Build.0 = Debug|Win32
		{A46D98E8-88F2-4795-B839-CD3F6082E7B2}.Release|Win32.ActiveCfg = Release|Win32
		{A46D98E8-88F2-4795-B839-CD3F6082E7B2}.Release|Win32.Build.0 = Release|Win32
		{F0990F82-1A44-4671-85D0-B38A81C48A8F}.Debug|Win32.ActiveCfg = Debug|Win32
		{F0990F82-1A44-4671-85D0-B38A81C48A8F}.Debug|Win32.Build.0 = Debug|Win32
		{F0990F82-1A44-4671-85D0-B38A81C48A8F}.Release|Win32.ActiveCfg = Release|Win32
		{F0990F82-1A44-4671-85D0-B38A81C48A8F}.Release|Win32.Build.0 = Release|Win32
		{0AFF7A85-63A7-4178-92A5-CC692B09F5B9}.Debug|Win32.ActiveCfg = Debug|Win32
		{0AFF7A85-63A7-4178-92A5-CC692B09F5B9}.Debug|Win32.Build.0 = Debug|Win32
		{0AFF7A85-63A7-4178-92A5-CC692B09F5B9}.Release|Win32.ActiveCfg = Release|Win32
		{0AFF7A85-63A7-4178-92A5-CC692B09F5B9}.Release|Win32.Build.0 = Release|Win32
		{9B62EBF7-D444-4D67-BA00-48CAEAF92756}.Debug|Win32.ActiveCfg = Debug|Win32
		{9B62EBF7-D444-4D67-BA00-48CAEAF92756}.Debug|Win32.Build.0 = Debug|Win32
		{9B62EBF7-D444-4D67-BA00-48CAEAF92756}.Release|Win32.ActiveCfg = Release|Win32
		{9B62EBF7-D444-4D67-BA00-48CAEAF92756}.Release|Win32.Build.0 = Release|Win32
	EndGlobalSection
	GlobalSection(SolutionProperties) = preSolution
		HideSolutionNode = FALSE
	EndGlobalSection
EndGlobal
